// !$*UTF8*$!
{
	archiveVersion = 1;
	classes = {
	};
	objectVersion = 50;
	objects = {

/* Begin PBXBuildFile section */
		BA588A022444CB830090EC38 /* AppDelegate.swift in Sources */ = {isa = PBXBuildFile; fileRef = BA588A012444CB830090EC38 /* AppDelegate.swift */; };
		BA588A042444CB830090EC38 /* SceneDelegate.swift in Sources */ = {isa = PBXBuildFile; fileRef = BA588A032444CB830090EC38 /* SceneDelegate.swift */; };
		BA588A062444CB830090EC38 /* ChannelListView.swift in Sources */ = {isa = PBXBuildFile; fileRef = BA588A052444CB830090EC38 /* ChannelListView.swift */; };
		BA588A082444CB870090EC38 /* Assets.xcassets in Resources */ = {isa = PBXBuildFile; fileRef = BA588A072444CB870090EC38 /* Assets.xcassets */; };
		BA588A0B2444CB870090EC38 /* Preview Assets.xcassets in Resources */ = {isa = PBXBuildFile; fileRef = BA588A0A2444CB870090EC38 /* Preview Assets.xcassets */; };
		BA588A0E2444CB870090EC38 /* LaunchScreen.storyboard in Resources */ = {isa = PBXBuildFile; fileRef = BA588A0C2444CB870090EC38 /* LaunchScreen.storyboard */; };
		BA588A162444CCD50090EC38 /* ChannelListItem.swift in Sources */ = {isa = PBXBuildFile; fileRef = BA588A152444CCD50090EC38 /* ChannelListItem.swift */; };
		BA588A182444E8020090EC38 /* ChannelListSearchResponse.swift in Sources */ = {isa = PBXBuildFile; fileRef = BA588A172444E8020090EC38 /* ChannelListSearchResponse.swift */; };
		BA588A1A2444E84F0090EC38 /* API.swift in Sources */ = {isa = PBXBuildFile; fileRef = BA588A192444E84F0090EC38 /* API.swift */; };
		BA588A1C2444F6470090EC38 /* ImageLoader.swift in Sources */ = {isa = PBXBuildFile; fileRef = BA588A1B2444F6470090EC38 /* ImageLoader.swift */; };
		BA588A1E244559380090EC38 /* LoadingView.swift in Sources */ = {isa = PBXBuildFile; fileRef = BA588A1D244559380090EC38 /* LoadingView.swift */; };
		BA588A2024455F550090EC38 /* APIKEY.swift in Sources */ = {isa = PBXBuildFile; fileRef = BA588A1F24455F550090EC38 /* APIKEY.swift */; };
		BA588A27244562060090EC38 /* ChannelManager.swift in Sources */ = {isa = PBXBuildFile; fileRef = BA588A26244562060090EC38 /* ChannelManager.swift */; };
		BA588A292445652A0090EC38 /* PlaylistListResponse.swift in Sources */ = {isa = PBXBuildFile; fileRef = BA588A282445652A0090EC38 /* PlaylistListResponse.swift */; };
		BA588A2B2445661B0090EC38 /* PlaylistListItem.swift in Sources */ = {isa = PBXBuildFile; fileRef = BA588A2A2445661B0090EC38 /* PlaylistListItem.swift */; };
		BA588A2D24456A410090EC38 /* PlaylistListView.swift in Sources */ = {isa = PBXBuildFile; fileRef = BA588A2C24456A410090EC38 /* PlaylistListView.swift */; };
		BA588A2F24458BE60090EC38 /* YoutubeError.swift in Sources */ = {isa = PBXBuildFile; fileRef = BA588A2E24458BE60090EC38 /* YoutubeError.swift */; };
		BAC87778244635BE00597CF7 /* PlaylistListItemResponse.swift in Sources */ = {isa = PBXBuildFile; fileRef = BAC87777244635BE00597CF7 /* PlaylistListItemResponse.swift */; };
		BAC8777A2446371F00597CF7 /* VideoListItem.swift in Sources */ = {isa = PBXBuildFile; fileRef = BAC877792446371F00597CF7 /* VideoListItem.swift */; };
		BAC8777C24463A4000597CF7 /* VideoListView.swift in Sources */ = {isa = PBXBuildFile; fileRef = BAC8777B24463A4000597CF7 /* VideoListView.swift */; };
		BAC8777E24465A7200597CF7 /* VideoListManager.swift in Sources */ = {isa = PBXBuildFile; fileRef = BAC8777D24465A7200597CF7 /* VideoListManager.swift */; };
		BAC8778024465A8F00597CF7 /* PlaylistManager.swift in Sources */ = {isa = PBXBuildFile; fileRef = BAC8777F24465A8F00597CF7 /* PlaylistManager.swift */; };
		BAC8778224465B2200597CF7 /* ShowMoreView.swift in Sources */ = {isa = PBXBuildFile; fileRef = BAC8778124465B2200597CF7 /* ShowMoreView.swift */; };
/* End PBXBuildFile section */

/* Begin PBXFileReference section */
		BA5889FE2444CB830090EC38 /* YoutubePlaylistIOS.app */ = {isa = PBXFileReference; explicitFileType = wrapper.application; includeInIndex = 0; path = YoutubePlaylistIOS.app; sourceTree = BUILT_PRODUCTS_DIR; };
		BA588A012444CB830090EC38 /* AppDelegate.swift */ = {isa = PBXFileReference; lastKnownFileType = sourcecode.swift; path = AppDelegate.swift; sourceTree = "<group>"; };
		BA588A032444CB830090EC38 /* SceneDelegate.swift */ = {isa = PBXFileReference; lastKnownFileType = sourcecode.swift; path = SceneDelegate.swift; sourceTree = "<group>"; };
		BA588A052444CB830090EC38 /* ChannelListView.swift */ = {isa = PBXFileReference; lastKnownFileType = sourcecode.swift; path = ChannelListView.swift; sourceTree = "<group>"; };
		BA588A072444CB870090EC38 /* Assets.xcassets */ = {isa = PBXFileReference; lastKnownFileType = folder.assetcatalog; path = Assets.xcassets; sourceTree = "<group>"; };
		BA588A0A2444CB870090EC38 /* Preview Assets.xcassets */ = {isa = PBXFileReference; lastKnownFileType = folder.assetcatalog; path = "Preview Assets.xcassets"; sourceTree = "<group>"; };
		BA588A0D2444CB870090EC38 /* Base */ = {isa = PBXFileReference; lastKnownFileType = file.storyboard; name = Base; path = Base.lproj/LaunchScreen.storyboard; sourceTree = "<group>"; };
		BA588A0F2444CB870090EC38 /* Info.plist */ = {isa = PBXFileReference; lastKnownFileType = text.plist.xml; path = Info.plist; sourceTree = "<group>"; };
		BA588A152444CCD50090EC38 /* ChannelListItem.swift */ = {isa = PBXFileReference; lastKnownFileType = sourcecode.swift; path = ChannelListItem.swift; sourceTree = "<group>"; };
		BA588A172444E8020090EC38 /* ChannelListSearchResponse.swift */ = {isa = PBXFileReference; lastKnownFileType = sourcecode.swift; path = ChannelListSearchResponse.swift; sourceTree = "<group>"; };
		BA588A192444E84F0090EC38 /* API.swift */ = {isa = PBXFileReference; lastKnownFileType = sourcecode.swift; path = API.swift; sourceTree = "<group>"; };
		BA588A1B2444F6470090EC38 /* ImageLoader.swift */ = {isa = PBXFileReference; lastKnownFileType = sourcecode.swift; path = ImageLoader.swift; sourceTree = "<group>"; };
		BA588A1D244559380090EC38 /* LoadingView.swift */ = {isa = PBXFileReference; lastKnownFileType = sourcecode.swift; path = LoadingView.swift; sourceTree = "<group>"; };
		BA588A1F24455F550090EC38 /* APIKEY.swift */ = {isa = PBXFileReference; lastKnownFileType = sourcecode.swift; name = APIKEY.swift; path = ../APIKEY.swift; sourceTree = "<group>"; };
		BA588A26244562060090EC38 /* ChannelManager.swift */ = {isa = PBXFileReference; lastKnownFileType = sourcecode.swift; path = ChannelManager.swift; sourceTree = "<group>"; };
		BA588A282445652A0090EC38 /* PlaylistListResponse.swift */ = {isa = PBXFileReference; lastKnownFileType = sourcecode.swift; path = PlaylistListResponse.swift; sourceTree = "<group>"; };
		BA588A2A2445661B0090EC38 /* PlaylistListItem.swift */ = {isa = PBXFileReference; lastKnownFileType = sourcecode.swift; path = PlaylistListItem.swift; sourceTree = "<group>"; };
		BA588A2C24456A410090EC38 /* PlaylistListView.swift */ = {isa = PBXFileReference; lastKnownFileType = sourcecode.swift; path = PlaylistListView.swift; sourceTree = "<group>"; };
		BA588A2E24458BE60090EC38 /* YoutubeError.swift */ = {isa = PBXFileReference; lastKnownFileType = sourcecode.swift; path = YoutubeError.swift; sourceTree = "<group>"; };
		BAC87777244635BE00597CF7 /* PlaylistListItemResponse.swift */ = {isa = PBXFileReference; lastKnownFileType = sourcecode.swift; path = PlaylistListItemResponse.swift; sourceTree = "<group>"; };
		BAC877792446371F00597CF7 /* VideoListItem.swift */ = {isa = PBXFileReference; lastKnownFileType = sourcecode.swift; path = VideoListItem.swift; sourceTree = "<group>"; };
		BAC8777B24463A4000597CF7 /* VideoListView.swift */ = {isa = PBXFileReference; lastKnownFileType = sourcecode.swift; path = VideoListView.swift; sourceTree = "<group>"; };
		BAC8777D24465A7200597CF7 /* VideoListManager.swift */ = {isa = PBXFileReference; lastKnownFileType = sourcecode.swift; path = VideoListManager.swift; sourceTree = "<group>"; };
		BAC8777F24465A8F00597CF7 /* PlaylistManager.swift */ = {isa = PBXFileReference; lastKnownFileType = sourcecode.swift; path = PlaylistManager.swift; sourceTree = "<group>"; };
		BAC8778124465B2200597CF7 /* ShowMoreView.swift */ = {isa = PBXFileReference; lastKnownFileType = sourcecode.swift; path = ShowMoreView.swift; sourceTree = "<group>"; };
/* End PBXFileReference section */

/* Begin PBXFrameworksBuildPhase section */
		BA5889FB2444CB830090EC38 /* Frameworks */ = {
			isa = PBXFrameworksBuildPhase;
			buildActionMask = 2147483647;
			files = (
			);
			runOnlyForDeploymentPostprocessing = 0;
		};
/* End PBXFrameworksBuildPhase section */

/* Begin PBXGroup section */
		BA5889F52444CB830090EC38 = {
			isa = PBXGroup;
			children = (
				BA588A002444CB830090EC38 /* YoutubePlaylistIOS */,
				BA5889FF2444CB830090EC38 /* Products */,
			);
			sourceTree = "<group>";
		};
		BA5889FF2444CB830090EC38 /* Products */ = {
			isa = PBXGroup;
			children = (
				BA5889FE2444CB830090EC38 /* YoutubePlaylistIOS.app */,
			);
			name = Products;
			sourceTree = "<group>";
		};
		BA588A002444CB830090EC38 /* YoutubePlaylistIOS */ = {
			isa = PBXGroup;
			children = (
				BA588A25244561E00090EC38 /* api */,
				BA588A24244561BD0090EC38 /* utils */,
				BA588A23244561B50090EC38 /* controllers */,
				BA588A22244561AE0090EC38 /* views */,
				BA588A21244561A50090EC38 /* models */,
				BA588A012444CB830090EC38 /* AppDelegate.swift */,
				BA588A032444CB830090EC38 /* SceneDelegate.swift */,
				BA588A072444CB870090EC38 /* Assets.xcassets */,
				BA588A0C2444CB870090EC38 /* LaunchScreen.storyboard */,
				BA588A0F2444CB870090EC38 /* Info.plist */,
				BA588A092444CB870090EC38 /* Preview Content */,
			);
			path = YoutubePlaylistIOS;
			sourceTree = "<group>";
		};
		BA588A092444CB870090EC38 /* Preview Content */ = {
			isa = PBXGroup;
			children = (
				BA588A0A2444CB870090EC38 /* Preview Assets.xcassets */,
			);
			path = "Preview Content";
			sourceTree = "<group>";
		};
		BA588A21244561A50090EC38 /* models */ = {
			isa = PBXGroup;
			children = (
				BA588A172444E8020090EC38 /* ChannelListSearchResponse.swift */,
				BA588A152444CCD50090EC38 /* ChannelListItem.swift */,
				BA588A282445652A0090EC38 /* PlaylistListResponse.swift */,
				BA588A2A2445661B0090EC38 /* PlaylistListItem.swift */,
				BA588A2E24458BE60090EC38 /* YoutubeError.swift */,
				BAC87777244635BE00597CF7 /* PlaylistListItemResponse.swift */,
				BAC877792446371F00597CF7 /* VideoListItem.swift */,
			);
			path = models;
			sourceTree = "<group>";
		};
		BA588A22244561AE0090EC38 /* views */ = {
			isa = PBXGroup;
			children = (
				BA588A052444CB830090EC38 /* ChannelListView.swift */,
				BA588A2C24456A410090EC38 /* PlaylistListView.swift */,
				BAC8777B24463A4000597CF7 /* VideoListView.swift */,
			);
			path = views;
			sourceTree = "<group>";
		};
		BA588A23244561B50090EC38 /* controllers */ = {
			isa = PBXGroup;
			children = (
				BA588A26244562060090EC38 /* ChannelManager.swift */,
				BAC8777D24465A7200597CF7 /* VideoListManager.swift */,
				BAC8777F24465A8F00597CF7 /* PlaylistManager.swift */,
			);
			path = controllers;
			sourceTree = "<group>";
		};
		BA588A24244561BD0090EC38 /* utils */ = {
			isa = PBXGroup;
			children = (
				BA588A1D244559380090EC38 /* LoadingView.swift */,
				BA588A1B2444F6470090EC38 /* ImageLoader.swift */,
				BAC8778124465B2200597CF7 /* ShowMoreView.swift */,
			);
			path = utils;
			sourceTree = "<group>";
		};
		BA588A25244561E00090EC38 /* api */ = {
			isa = PBXGroup;
			children = (
				BA588A192444E84F0090EC38 /* API.swift */,
				BA588A1F24455F550090EC38 /* APIKEY.swift */,
			);
			path = api;
			sourceTree = "<group>";
		};
/* End PBXGroup section */

/* Begin PBXNativeTarget section */
		BA5889FD2444CB830090EC38 /* YoutubePlaylistIOS */ = {
			isa = PBXNativeTarget;
			buildConfigurationList = BA588A122444CB870090EC38 /* Build configuration list for PBXNativeTarget "YoutubePlaylistIOS" */;
			buildPhases = (
				BA5889FA2444CB830090EC38 /* Sources */,
				BA5889FB2444CB830090EC38 /* Frameworks */,
				BA5889FC2444CB830090EC38 /* Resources */,
			);
			buildRules = (
			);
			dependencies = (
			);
			name = YoutubePlaylistIOS;
			productName = YoutubePlaylistIOS;
			productReference = BA5889FE2444CB830090EC38 /* YoutubePlaylistIOS.app */;
			productType = "com.apple.product-type.application";
		};
/* End PBXNativeTarget section */

/* Begin PBXProject section */
		BA5889F62444CB830090EC38 /* Project object */ = {
			isa = PBXProject;
			attributes = {
				LastSwiftUpdateCheck = 1140;
				LastUpgradeCheck = 1140;
				ORGANIZATIONNAME = "Tanaka Mazivanhanga";
				TargetAttributes = {
					BA5889FD2444CB830090EC38 = {
						CreatedOnToolsVersion = 11.4;
					};
				};
			};
			buildConfigurationList = BA5889F92444CB830090EC38 /* Build configuration list for PBXProject "YoutubePlaylistIOS" */;
			compatibilityVersion = "Xcode 9.3";
			developmentRegion = en;
			hasScannedForEncodings = 0;
			knownRegions = (
				en,
				Base,
			);
			mainGroup = BA5889F52444CB830090EC38;
			productRefGroup = BA5889FF2444CB830090EC38 /* Products */;
			projectDirPath = "";
			projectRoot = "";
			targets = (
				BA5889FD2444CB830090EC38 /* YoutubePlaylistIOS */,
			);
		};
/* End PBXProject section */

/* Begin PBXResourcesBuildPhase section */
		BA5889FC2444CB830090EC38 /* Resources */ = {
			isa = PBXResourcesBuildPhase;
			buildActionMask = 2147483647;
			files = (
				BA588A0E2444CB870090EC38 /* LaunchScreen.storyboard in Resources */,
				BA588A0B2444CB870090EC38 /* Preview Assets.xcassets in Resources */,
				BA588A082444CB870090EC38 /* Assets.xcassets in Resources */,
			);
			runOnlyForDeploymentPostprocessing = 0;
		};
/* End PBXResourcesBuildPhase section */

/* Begin PBXSourcesBuildPhase section */
		BA5889FA2444CB830090EC38 /* Sources */ = {
			isa = PBXSourcesBuildPhase;
			buildActionMask = 2147483647;
			files = (
				BAC8777A2446371F00597CF7 /* VideoListItem.swift in Sources */,
				BA588A2F24458BE60090EC38 /* YoutubeError.swift in Sources */,
				BAC8777C24463A4000597CF7 /* VideoListView.swift in Sources */,
				BA588A2024455F550090EC38 /* APIKEY.swift in Sources */,
				BA588A292445652A0090EC38 /* PlaylistListResponse.swift in Sources */,
				BA588A27244562060090EC38 /* ChannelManager.swift in Sources */,
				BA588A1C2444F6470090EC38 /* ImageLoader.swift in Sources */,
				BAC8778024465A8F00597CF7 /* PlaylistManager.swift in Sources */,
				BA588A2D24456A410090EC38 /* PlaylistListView.swift in Sources */,
				BA588A182444E8020090EC38 /* ChannelListSearchResponse.swift in Sources */,
				BA588A162444CCD50090EC38 /* ChannelListItem.swift in Sources */,
				BA588A1E244559380090EC38 /* LoadingView.swift in Sources */,
				BAC8778224465B2200597CF7 /* ShowMoreView.swift in Sources */,
				BAC8777E24465A7200597CF7 /* VideoListManager.swift in Sources */,
				BA588A022444CB830090EC38 /* AppDelegate.swift in Sources */,
				BAC87778244635BE00597CF7 /* PlaylistListItemResponse.swift in Sources */,
				BA588A042444CB830090EC38 /* SceneDelegate.swift in Sources */,
				BA588A1A2444E84F0090EC38 /* API.swift in Sources */,
				BA588A2B2445661B0090EC38 /* PlaylistListItem.swift in Sources */,
				BA588A062444CB830090EC38 /* ChannelListView.swift in Sources */,
			);
			runOnlyForDeploymentPostprocessing = 0;
		};
/* End PBXSourcesBuildPhase section */

/* Begin PBXVariantGroup section */
		BA588A0C2444CB870090EC38 /* LaunchScreen.storyboard */ = {
			isa = PBXVariantGroup;
			children = (
				BA588A0D2444CB870090EC38 /* Base */,
			);
			name = LaunchScreen.storyboard;
			sourceTree = "<group>";
		};
/* End PBXVariantGroup section */

/* Begin XCBuildConfiguration section */
		BA588A102444CB870090EC38 /* Debug */ = {
			isa = XCBuildConfiguration;
			buildSettings = {
				ALWAYS_SEARCH_USER_PATHS = NO;
				CLANG_ANALYZER_NONNULL = YES;
				CLANG_ANALYZER_NUMBER_OBJECT_CONVERSION = YES_AGGRESSIVE;
				CLANG_CXX_LANGUAGE_STANDARD = "gnu++14";
				CLANG_CXX_LIBRARY = "libc++";
				CLANG_ENABLE_MODULES = YES;
				CLANG_ENABLE_OBJC_ARC = YES;
				CLANG_ENABLE_OBJC_WEAK = YES;
				CLANG_WARN_BLOCK_CAPTURE_AUTORELEASING = YES;
				CLANG_WARN_BOOL_CONVERSION = YES;
				CLANG_WARN_COMMA = YES;
				CLANG_WARN_CONSTANT_CONVERSION = YES;
				CLANG_WARN_DEPRECATED_OBJC_IMPLEMENTATIONS = YES;
				CLANG_WARN_DIRECT_OBJC_ISA_USAGE = YES_ERROR;
				CLANG_WARN_DOCUMENTATION_COMMENTS = YES;
				CLANG_WARN_EMPTY_BODY = YES;
				CLANG_WARN_ENUM_CONVERSION = YES;
				CLANG_WARN_INFINITE_RECURSION = YES;
				CLANG_WARN_INT_CONVERSION = YES;
				CLANG_WARN_NON_LITERAL_NULL_CONVERSION = YES;
				CLANG_WARN_OBJC_IMPLICIT_RETAIN_SELF = YES;
				CLANG_WARN_OBJC_LITERAL_CONVERSION = YES;
				CLANG_WARN_OBJC_ROOT_CLASS = YES_ERROR;
				CLANG_WARN_RANGE_LOOP_ANALYSIS = YES;
				CLANG_WARN_STRICT_PROTOTYPES = YES;
				CLANG_WARN_SUSPICIOUS_MOVE = YES;
				CLANG_WARN_UNGUARDED_AVAILABILITY = YES_AGGRESSIVE;
				CLANG_WARN_UNREACHABLE_CODE = YES;
				CLANG_WARN__DUPLICATE_METHOD_MATCH = YES;
				COPY_PHASE_STRIP = NO;
				DEBUG_INFORMATION_FORMAT = dwarf;
				ENABLE_STRICT_OBJC_MSGSEND = YES;
				ENABLE_TESTABILITY = YES;
				GCC_C_LANGUAGE_STANDARD = gnu11;
				GCC_DYNAMIC_NO_PIC = NO;
				GCC_NO_COMMON_BLOCKS = YES;
				GCC_OPTIMIZATION_LEVEL = 0;
				GCC_PREPROCESSOR_DEFINITIONS = (
					"DEBUG=1",
					"$(inherited)",
				);
				GCC_WARN_64_TO_32_BIT_CONVERSION = YES;
				GCC_WARN_ABOUT_RETURN_TYPE = YES_ERROR;
				GCC_WARN_UNDECLARED_SELECTOR = YES;
				GCC_WARN_UNINITIALIZED_AUTOS = YES_AGGRESSIVE;
				GCC_WARN_UNUSED_FUNCTION = YES;
				GCC_WARN_UNUSED_VARIABLE = YES;
				IPHONEOS_DEPLOYMENT_TARGET = 13.4;
				MTL_ENABLE_DEBUG_INFO = INCLUDE_SOURCE;
				MTL_FAST_MATH = YES;
				ONLY_ACTIVE_ARCH = YES;
				SDKROOT = iphoneos;
				SWIFT_ACTIVE_COMPILATION_CONDITIONS = DEBUG;
				SWIFT_OPTIMIZATION_LEVEL = "-Onone";
			};
			name = Debug;
		};
		BA588A112444CB870090EC38 /* Release */ = {
			isa = XCBuildConfiguration;
			buildSettings = {
				ALWAYS_SEARCH_USER_PATHS = NO;
				CLANG_ANALYZER_NONNULL = YES;
				CLANG_ANALYZER_NUMBER_OBJECT_CONVERSION = YES_AGGRESSIVE;
				CLANG_CXX_LANGUAGE_STANDARD = "gnu++14";
				CLANG_CXX_LIBRARY = "libc++";
				CLANG_ENABLE_MODULES = YES;
				CLANG_ENABLE_OBJC_ARC = YES;
				CLANG_ENABLE_OBJC_WEAK = YES;
				CLANG_WARN_BLOCK_CAPTURE_AUTORELEASING = YES;
				CLANG_WARN_BOOL_CONVERSION = YES;
				CLANG_WARN_COMMA = YES;
				CLANG_WARN_CONSTANT_CONVERSION = YES;
				CLANG_WARN_DEPRECATED_OBJC_IMPLEMENTATIONS = YES;
				CLANG_WARN_DIRECT_OBJC_ISA_USAGE = YES_ERROR;
				CLANG_WARN_DOCUMENTATION_COMMENTS = YES;
				CLANG_WARN_EMPTY_BODY = YES;
				CLANG_WARN_ENUM_CONVERSION = YES;
				CLANG_WARN_INFINITE_RECURSION = YES;
				CLANG_WARN_INT_CONVERSION = YES;
				CLANG_WARN_NON_LITERAL_NULL_CONVERSION = YES;
				CLANG_WARN_OBJC_IMPLICIT_RETAIN_SELF = YES;
				CLANG_WARN_OBJC_LITERAL_CONVERSION = YES;
				CLANG_WARN_OBJC_ROOT_CLASS = YES_ERROR;
				CLANG_WARN_RANGE_LOOP_ANALYSIS = YES;
				CLANG_WARN_STRICT_PROTOTYPES = YES;
				CLANG_WARN_SUSPICIOUS_MOVE = YES;
				CLANG_WARN_UNGUARDED_AVAILABILITY = YES_AGGRESSIVE;
				CLANG_WARN_UNREACHABLE_CODE = YES;
				CLANG_WARN__DUPLICATE_METHOD_MATCH = YES;
				COPY_PHASE_STRIP = NO;
				DEBUG_INFORMATION_FORMAT = "dwarf-with-dsym";
				ENABLE_NS_ASSERTIONS = NO;
				ENABLE_STRICT_OBJC_MSGSEND = YES;
				GCC_C_LANGUAGE_STANDARD = gnu11;
				GCC_NO_COMMON_BLOCKS = YES;
				GCC_WARN_64_TO_32_BIT_CONVERSION = YES;
				GCC_WARN_ABOUT_RETURN_TYPE = YES_ERROR;
				GCC_WARN_UNDECLARED_SELECTOR = YES;
				GCC_WARN_UNINITIALIZED_AUTOS = YES_AGGRESSIVE;
				GCC_WARN_UNUSED_FUNCTION = YES;
				GCC_WARN_UNUSED_VARIABLE = YES;
				IPHONEOS_DEPLOYMENT_TARGET = 13.4;
				MTL_ENABLE_DEBUG_INFO = NO;
				MTL_FAST_MATH = YES;
				SDKROOT = iphoneos;
				SWIFT_COMPILATION_MODE = wholemodule;
				SWIFT_OPTIMIZATION_LEVEL = "-O";
				VALIDATE_PRODUCT = YES;
			};
			name = Release;
		};
		BA588A132444CB870090EC38 /* Debug */ = {
			isa = XCBuildConfiguration;
			buildSettings = {
				ASSETCATALOG_COMPILER_APPICON_NAME = AppIcon;
				CODE_SIGN_STYLE = Automatic;
				DEVELOPMENT_ASSET_PATHS = "\"YoutubePlaylistIOS/Preview Content\"";
				DEVELOPMENT_TEAM = J3NVQ5AFC2;
				ENABLE_PREVIEWS = YES;
				INFOPLIST_FILE = YoutubePlaylistIOS/Info.plist;
				IPHONEOS_DEPLOYMENT_TARGET = 13.0;
				LD_RUNPATH_SEARCH_PATHS = (
					"$(inherited)",
					"@executable_path/Frameworks",
				);
				PRODUCT_BUNDLE_IDENTIFIER = com.tanakamazivanhanga.YoutubePlaylistIOS;
				PRODUCT_NAME = "$(TARGET_NAME)";
				SWIFT_VERSION = 5.0;
				TARGETED_DEVICE_FAMILY = 1;
			};
			name = Debug;
		};
		BA588A142444CB870090EC38 /* Release */ = {
			isa = XCBuildConfiguration;
			buildSettings = {
				ASSETCATALOG_COMPILER_APPICON_NAME = AppIcon;
				CODE_SIGN_STYLE = Automatic;
				DEVELOPMENT_ASSET_PATHS = "\"YoutubePlaylistIOS/Preview Content\"";
				DEVELOPMENT_TEAM = J3NVQ5AFC2;
				ENABLE_PREVIEWS = YES;
				INFOPLIST_FILE = YoutubePlaylistIOS/Info.plist;
				IPHONEOS_DEPLOYMENT_TARGET = 13.0;
				LD_RUNPATH_SEARCH_PATHS = (
					"$(inherited)",
					"@executable_path/Frameworks",
				);
				PRODUCT_BUNDLE_IDENTIFIER = com.tanakamazivanhanga.YoutubePlaylistIOS;
				PRODUCT_NAME = "$(TARGET_NAME)";
				SWIFT_VERSION = 5.0;
				TARGETED_DEVICE_FAMILY = 1;
			};
			name = Release;
		};
/* End XCBuildConfiguration section */

/* Begin XCConfigurationList section */
		BA5889F92444CB830090EC38 /* Build configuration list for PBXProject "YoutubePlaylistIOS" */ = {
			isa = XCConfigurationList;
			buildConfigurations = (
				BA588A102444CB870090EC38 /* Debug */,
				BA588A112444CB870090EC38 /* Release */,
			);
			defaultConfigurationIsVisible = 0;
			defaultConfigurationName = Release;
		};
		BA588A122444CB870090EC38 /* Build configuration list for PBXNativeTarget "YoutubePlaylistIOS" */ = {
			isa = XCConfigurationList;
			buildConfigurations = (
				BA588A132444CB870090EC38 /* Debug */,
				BA588A142444CB870090EC38 /* Release */,
			);
			defaultConfigurationIsVisible = 0;
			defaultConfigurationName = Release;
		};
/* End XCConfigurationList section */
	};
	rootObject = BA5889F62444CB830090EC38 /* Project object */;
}
